<?xml version="1.0" encoding="utf-8"?>
<Project ToolsVersion="4.0" xmlns="http://schemas.microsoft.com/developer/msbuild/2003">
  <ItemGroup>
    <Filter Include="OpenGL">
      <UniqueIdentifier>{58569375-986f-494f-9317-524d7ec9edbd}</UniqueIdentifier>
    </Filter>
    <Filter Include="Common">
      <UniqueIdentifier>{6c4c90fb-d437-4a97-a2a7-24cd032f22c4}</UniqueIdentifier>
    </Filter>
    <Filter Include="Renderer">
      <UniqueIdentifier>{7c1bfb56-70bd-44d2-878e-d173623d895c}</UniqueIdentifier>
    </Filter>
    <Filter Include="Sound">
      <UniqueIdentifier>{890f1f91-006d-48da-95a3-7189b687adbb}</UniqueIdentifier>
    </Filter>
  </ItemGroup>
  <ItemGroup>
    <ClCompile Include="src\main.cpp" />
  </ItemGroup>
</Project>